
Microsoft Visual Studio Solution File, Format Version 12.00
# Visual Studio Version 17
VisualStudioVersion = 17.7.34221.43
MinimumVisualStudioVersion = 10.0.40219.1
Project("{9A19103F-16F7-4668-BE54-9A1E7A4F7556}") = "Sivenk", "Sivenk\Sivenk.csproj", "{F6550382-1898-46FC-B253-BC374C160DC9}"
EndProject
Project("{888888A0-9F3D-457C-B088-3A5042F75D52}") = "GridView", "GridView\GridView.pyproj", "{8D6922E4-792E-4EC1-A298-6E88BABF9DD7}"
EndProject
Global
	GlobalSection(SolutionConfigurationPlatforms) = preSolution
		Debug|Any CPU = Debug|Any CPU
		Release|Any CPU = Release|Any CPU
	EndGlobalSection
	GlobalSection(ProjectConfigurationPlatforms) = postSolution
		{F6550382-1898-46FC-B253-BC374C160DC9}.Debug|Any CPU.ActiveCfg = Debug|Any CPU
		{F6550382-1898-46FC-B253-BC374C160DC9}.Debug|Any CPU.Build.0 = Debug|Any CPU
		{F6550382-1898-46FC-B253-BC374C160DC9}.Release|Any CPU.ActiveCfg = Release|Any CPU
		{F6550382-1898-46FC-B253-BC374C160DC9}.Release|Any CPU.Build.0 = Release|Any CPU
		{8D6922E4-792E-4EC1-A298-6E88BABF9DD7}.Debug|Any CPU.ActiveCfg = Debug|Any CPU
		{8D6922E4-792E-4EC1-A298-6E88BABF9DD7}.Release|Any CPU.ActiveCfg = Release|Any CPU
	EndGlobalSection
	GlobalSection(SolutionProperties) = preSolution
		HideSolutionNode = FALSE
	EndGlobalSection
	GlobalSection(ExtensibilityGlobals) = postSolution
		SolutionGuid = {65AA6346-1E2B-40D7-BF74-547D9AA06504}
	EndGlobalSection
EndGlobal
